// !$*UTF8*$!
{
	archiveVersion = 1;
	classes = {
	};
	objectVersion = 46;
	objects = {

/* Begin PBXBuildFile section */
		B56F2B3F1D462FAD00852E3A /* main.m in Sources */ = {isa = PBXBuildFile; fileRef = B56F2B3E1D462FAD00852E3A /* main.m */; };
		B56F2B421D462FAD00852E3A /* AppDelegate.m in Sources */ = {isa = PBXBuildFile; fileRef = B56F2B411D462FAD00852E3A /* AppDelegate.m */; };
		B56F2B451D462FAD00852E3A /* ViewController.m in Sources */ = {isa = PBXBuildFile; fileRef = B56F2B441D462FAD00852E3A /* ViewController.m */; };
		B56F2B481D462FAD00852E3A /* Main.storyboard in Resources */ = {isa = PBXBuildFile; fileRef = B56F2B461D462FAD00852E3A /* Main.storyboard */; };
		B56F2B4A1D462FAD00852E3A /* Assets.xcassets in Resources */ = {isa = PBXBuildFile; fileRef = B56F2B491D462FAD00852E3A /* Assets.xcassets */; };
		B56F2B4D1D462FAD00852E3A /* LaunchScreen.storyboard in Resources */ = {isa = PBXBuildFile; fileRef = B56F2B4B1D462FAD00852E3A /* LaunchScreen.storyboard */; };
		B56F2B581D462FAE00852E3A /* MyFirstTests.m in Sources */ = {isa = PBXBuildFile; fileRef = B56F2B571D462FAE00852E3A /* MyFirstTests.m */; };
		B56F2B631D462FAE00852E3A /* MyFirstUITests.m in Sources */ = {isa = PBXBuildFile; fileRef = B56F2B621D462FAE00852E3A /* MyFirstUITests.m */; };
/* End PBXBuildFile section */

/* Begin PBXContainerItemProxy section */
		B56F2B541D462FAE00852E3A /* PBXContainerItemProxy */ = {
			isa = PBXContainerItemProxy;
			containerPortal = B56F2B321D462FAD00852E3A /* Project object */;
			proxyType = 1;
			remoteGlobalIDString = B56F2B391D462FAD00852E3A;
			remoteInfo = MyFirst;
		};
		B56F2B5F1D462FAE00852E3A /* PBXContainerItemProxy */ = {
			isa = PBXContainerItemProxy;
			containerPortal = B56F2B321D462FAD00852E3A /* Project object */;
			proxyType = 1;
			remoteGlobalIDString = B56F2B391D462FAD00852E3A;
			remoteInfo = MyFirst;
		};
/* End PBXContainerItemProxy section */

/* Begin PBXFileReference section */
		B56F2B3A1D462FAD00852E3A /* MyFirst.app */ = {isa = PBXFileReference; explicitFileType = wrapper.application; includeInIndex = 0; path = MyFirst.app; sourceTree = BUILT_PRODUCTS_DIR; };
		B56F2B3E1D462FAD00852E3A /* main.m */ = {isa = PBXFileReference; lastKnownFileType = sourcecode.c.objc; path = main.m; sourceTree = "<group>"; };
		B56F2B401D462FAD00852E3A /* AppDelegate.h */ = {isa = PBXFileReference; lastKnownFileType = sourcecode.c.h; path = AppDelegate.h; sourceTree = "<group>"; };
		B56F2B411D462FAD00852E3A /* AppDelegate.m */ = {isa = PBXFileReference; lastKnownFileType = sourcecode.c.objc; path = AppDelegate.m; sourceTree = "<group>"; };
		B56F2B431D462FAD00852E3A /* ViewController.h */ = {isa = PBXFileReference; lastKnownFileType = sourcecode.c.h; path = ViewController.h; sourceTree = "<group>"; };
		B56F2B441D462FAD00852E3A /* ViewController.m */ = {isa = PBXFileReference; lastKnownFileType = sourcecode.c.objc; path = ViewController.m; sourceTree = "<group>"; };
		B56F2B471D462FAD00852E3A /* Base */ = {isa = PBXFileReference; lastKnownFileType = file.storyboard; name = Base; path = Base.lproj/Main.storyboard; sourceTree = "<group>"; };
		B56F2B491D462FAD00852E3A /* Assets.xcassets */ = {isa = PBXFileReference; lastKnownFileType = folder.assetcatalog; path = Assets.xcassets; sourceTree = "<group>"; };
		B56F2B4C1D462FAD00852E3A /* Base */ = {isa = PBXFileReference; lastKnownFileType = file.storyboard; name = Base; path = Base.lproj/LaunchScreen.storyboard; sourceTree = "<group>"; };
		B56F2B4E1D462FAD00852E3A /* Info.plist */ = {isa = PBXFileReference; lastKnownFileType = text.plist.xml; path = Info.plist; sourceTree = "<group>"; };
		B56F2B531D462FAE00852E3A /* MyFirstTests.xctest */ = {isa = PBXFileReference; explicitFileType = wrapper.cfbundle; includeInIndex = 0; path = MyFirstTests.xctest; sourceTree = BUILT_PRODUCTS_DIR; };
		B56F2B571D462FAE00852E3A /* MyFirstTests.m */ = {isa = PBXFileReference; lastKnownFileType = sourcecode.c.objc; path = MyFirstTests.m; sourceTree = "<group>"; };
		B56F2B591D462FAE00852E3A /* Info.plist */ = {isa = PBXFileReference; lastKnownFileType = text.plist.xml; path = Info.plist; sourceTree = "<group>"; };
		B56F2B5E1D462FAE00852E3A /* MyFirstUITests.xctest */ = {isa = PBXFileReference; explicitFileType = wrapper.cfbundle; includeInIndex = 0; path = MyFirstUITests.xctest; sourceTree = BUILT_PRODUCTS_DIR; };
		B56F2B621D462FAE00852E3A /* MyFirstUITests.m */ = {isa = PBXFileReference; lastKnownFileType = sourcecode.c.objc; path = MyFirstUITests.m; sourceTree = "<group>"; };
		B56F2B641D462FAE00852E3A /* Info.plist */ = {isa = PBXFileReference; lastKnownFileType = text.plist.xml; path = Info.plist; sourceTree = "<group>"; };
/* End PBXFileReference section */

/* Begin PBXFrameworksBuildPhase section */
		B56F2B371D462FAD00852E3A /* Frameworks */ = {
			isa = PBXFrameworksBuildPhase;
			buildActionMask = 2147483647;
			files = (
			);
			runOnlyForDeploymentPostprocessing = 0;
		};
		B56F2B501D462FAE00852E3A /* Frameworks */ = {
			isa = PBXFrameworksBuildPhase;
			buildActionMask = 2147483647;
			files = (
			);
			runOnlyForDeploymentPostprocessing = 0;
		};
		B56F2B5B1D462FAE00852E3A /* Frameworks */ = {
			isa = PBXFrameworksBuildPhase;
			buildActionMask = 2147483647;
			files = (
			);
			runOnlyForDeploymentPostprocessing = 0;
		};
/* End PBXFrameworksBuildPhase section */

/* Begin PBXGroup section */
		B56F2B311D462FAD00852E3A = {
			isa = PBXGroup;
			children = (
				B56F2B3C1D462FAD00852E3A /* MyFirst */,
				B56F2B561D462FAE00852E3A /* MyFirstTests */,
				B56F2B611D462FAE00852E3A /* MyFirstUITests */,
				B56F2B3B1D462FAD00852E3A /* Products */,
			);
			sourceTree = "<group>";
		};
		B56F2B3B1D462FAD00852E3A /* Products */ = {
			isa = PBXGroup;
			children = (
				B56F2B3A1D462FAD00852E3A /* MyFirst.app */,
				B56F2B531D462FAE00852E3A /* MyFirstTests.xctest */,
				B56F2B5E1D462FAE00852E3A /* MyFirstUITests.xctest */,
			);
			name = Products;
			sourceTree = "<group>";
		};
		B56F2B3C1D462FAD00852E3A /* MyFirst */ = {
			isa = PBXGroup;
			children = (
				B56F2B401D462FAD00852E3A /* AppDelegate.h */,
				B56F2B411D462FAD00852E3A /* AppDelegate.m */,
				B56F2B431D462FAD00852E3A /* ViewController.h */,
				B56F2B441D462FAD00852E3A /* ViewController.m */,
				B56F2B461D462FAD00852E3A /* Main.storyboard */,
				B56F2B491D462FAD00852E3A /* Assets.xcassets */,
				B56F2B4B1D462FAD00852E3A /* LaunchScreen.storyboard */,
				B56F2B4E1D462FAD00852E3A /* Info.plist */,
				B56F2B3D1D462FAD00852E3A /* Supporting Files */,
			);
			path = MyFirst;
			sourceTree = "<group>";
		};
		B56F2B3D1D462FAD00852E3A /* Supporting Files */ = {
			isa = PBXGroup;
			children = (
				B56F2B3E1D462FAD00852E3A /* main.m */,
			);
			name = "Supporting Files";
			sourceTree = "<group>";
		};
		B56F2B561D462FAE00852E3A /* MyFirstTests */ = {
			isa = PBXGroup;
			children = (
				B56F2B571D462FAE00852E3A /* MyFirstTests.m */,
				B56F2B591D462FAE00852E3A /* Info.plist */,
			);
			path = MyFirstTests;
			sourceTree = "<group>";
		};
		B56F2B611D462FAE00852E3A /* MyFirstUITests */ = {
			isa = PBXGroup;
			children = (
				B56F2B621D462FAE00852E3A /* MyFirstUITests.m */,
				B56F2B641D462FAE00852E3A /* Info.plist */,
			);
			path = MyFirstUITests;
			sourceTree = "<group>";
		};
/* End PBXGroup section */

/* Begin PBXNativeTarget section */
		B56F2B391D462FAD00852E3A /* MyFirst */ = {
			isa = PBXNativeTarget;
			buildConfigurationList = B56F2B671D462FAE00852E3A /* Build configuration list for PBXNativeTarget "MyFirst" */;
			buildPhases = (
				B56F2B361D462FAD00852E3A /* Sources */,
				B56F2B371D462FAD00852E3A /* Frameworks */,
				B56F2B381D462FAD00852E3A /* Resources */,
			);
			buildRules = (
			);
			dependencies = (
			);
			name = MyFirst;
			productName = MyFirst;
			productReference = B56F2B3A1D462FAD00852E3A /* MyFirst.app */;
			productType = "com.apple.product-type.application";
		};
		B56F2B521D462FAE00852E3A /* MyFirstTests */ = {
			isa = PBXNativeTarget;
			buildConfigurationList = B56F2B6A1D462FAE00852E3A /* Build configuration list for PBXNativeTarget "MyFirstTests" */;
			buildPhases = (
				B56F2B4F1D462FAE00852E3A /* Sources */,
				B56F2B501D462FAE00852E3A /* Frameworks */,
				B56F2B511D462FAE00852E3A /* Resources */,
			);
			buildRules = (
			);
			dependencies = (
				B56F2B551D462FAE00852E3A /* PBXTargetDependency */,
			);
			name = MyFirstTests;
			productName = MyFirstTests;
			productReference = B56F2B531D462FAE00852E3A /* MyFirstTests.xctest */;
			productType = "com.apple.product-type.bundle.unit-test";
		};
		B56F2B5D1D462FAE00852E3A /* MyFirstUITests */ = {
			isa = PBXNativeTarget;
			buildConfigurationList = B56F2B6D1D462FAE00852E3A /* Build configuration list for PBXNativeTarget "MyFirstUITests" */;
			buildPhases = (
				B56F2B5A1D462FAE00852E3A /* Sources */,
				B56F2B5B1D462FAE00852E3A /* Frameworks */,
				B56F2B5C1D462FAE00852E3A /* Resources */,
			);
			buildRules = (
			);
			dependencies = (
				B56F2B601D462FAE00852E3A /* PBXTargetDependency */,
			);
			name = MyFirstUITests;
			productName = MyFirstUITests;
			productReference = B56F2B5E1D462FAE00852E3A /* MyFirstUITests.xctest */;
			productType = "com.apple.product-type.bundle.ui-testing";
		};
/* End PBXNativeTarget section */

/* Begin PBXProject section */
		B56F2B321D462FAD00852E3A /* Project object */ = {
			isa = PBXProject;
			attributes = {
				LastUpgradeCheck = 0730;
				ORGANIZATIONNAME = wuweilong;
				TargetAttributes = {
					B56F2B391D462FAD00852E3A = {
						CreatedOnToolsVersion = 7.3.1;
					};
					B56F2B521D462FAE00852E3A = {
						CreatedOnToolsVersion = 7.3.1;
						TestTargetID = B56F2B391D462FAD00852E3A;
					};
					B56F2B5D1D462FAE00852E3A = {
						CreatedOnToolsVersion = 7.3.1;
						TestTargetID = B56F2B391D462FAD00852E3A;
					};
				};
			};
			buildConfigurationList = B56F2B351D462FAD00852E3A /* Build configuration list for PBXProject "MyFirst" */;
			compatibilityVersion = "Xcode 3.2";
			developmentRegion = English;
			hasScannedForEncodings = 0;
			knownRegions = (
				en,
				Base,
			);
			mainGroup = B56F2B311D462FAD00852E3A;
			productRefGroup = B56F2B3B1D462FAD00852E3A /* Products */;
			projectDirPath = "";
			projectRoot = "";
			targets = (
				B56F2B391D462FAD00852E3A /* MyFirst */,
				B56F2B521D462FAE00852E3A /* MyFirstTests */,
				B56F2B5D1D462FAE00852E3A /* MyFirstUITests */,
			);
		};
/* End PBXProject section */

/* Begin PBXResourcesBuildPhase section */
		B56F2B381D462FAD00852E3A /* Resources */ = {
			isa = PBXResourcesBuildPhase;
			buildActionMask = 2147483647;
			files = (
				B56F2B4D1D462FAD00852E3A /* LaunchScreen.storyboard in Resources */,
				B56F2B4A1D462FAD00852E3A /* Assets.xcassets in Resources */,
				B56F2B481D462FAD00852E3A /* Main.storyboard in Resources */,
			);
			runOnlyForDeploymentPostprocessing = 0;
		};
		B56F2B511D462FAE00852E3A /* Resources */ = {
			isa = PBXResourcesBuildPhase;
			buildActionMask = 2147483647;
			files = (
			);
			runOnlyForDeploymentPostprocessing = 0;
		};
		B56F2B5C1D462FAE00852E3A /* Resources */ = {
			isa = PBXResourcesBuildPhase;
			buildActionMask = 2147483647;
			files = (
			);
			runOnlyForDeploymentPostprocessing = 0;
		};
/* End PBXResourcesBuildPhase section */

/* Begin PBXSourcesBuildPhase section */
		B56F2B361D462FAD00852E3A /* Sources */ = {
			isa = PBXSourcesBuildPhase;
			buildActionMask = 2147483647;
			files = (
				B56F2B451D462FAD00852E3A /* ViewController.m in Sources */,
				B56F2B421D462FAD00852E3A /* AppDelegate.m in Sources */,
				B56F2B3F1D462FAD00852E3A /* main.m in Sources */,
			);
			runOnlyForDeploymentPostprocessing = 0;
		};
		B56F2B4F1D462FAE00852E3A /* Sources */ = {
			isa = PBXSourcesBuildPhase;
			buildActionMask = 2147483647;
			files = (
				B56F2B581D462FAE00852E3A /* MyFirstTests.m in Sources */,
			);
			runOnlyForDeploymentPostprocessing = 0;
		};
		B56F2B5A1D462FAE00852E3A /* Sources */ = {
			isa = PBXSourcesBuildPhase;
			buildActionMask = 2147483647;
			files = (
				B56F2B631D462FAE00852E3A /* MyFirstUITests.m in Sources */,
			);
			runOnlyForDeploymentPostprocessing = 0;
		};
/* End PBXSourcesBuildPhase section */

/* Begin PBXTargetDependency section */
		B56F2B551D462FAE00852E3A /* PBXTargetDependency */ = {
			isa = PBXTargetDependency;
			target = B56F2B391D462FAD00852E3A /* MyFirst */;
			targetProxy = B56F2B541D462FAE00852E3A /* PBXContainerItemProxy */;
		};
		B56F2B601D462FAE00852E3A /* PBXTargetDependency */ = {
			isa = PBXTargetDependency;
			target = B56F2B391D462FAD00852E3A /* MyFirst */;
			targetProxy = B56F2B5F1D462FAE00852E3A /* PBXContainerItemProxy */;
		};
/* End PBXTargetDependency section */

/* Begin PBXVariantGroup section */
		B56F2B461D462FAD00852E3A /* Main.storyboard */ = {
			isa = PBXVariantGroup;
			children = (
				B56F2B471D462FAD00852E3A /* Base */,
			);
			name = Main.storyboard;
			sourceTree = "<group>";
		};
		B56F2B4B1D462FAD00852E3A /* LaunchScreen.storyboard */ = {
			isa = PBXVariantGroup;
			children = (
				B56F2B4C1D462FAD00852E3A /* Base */,
			);
			name = LaunchScreen.storyboard;
			sourceTree = "<group>";
		};
/* End PBXVariantGroup section */

/* Begin XCBuildConfiguration section */
		B56F2B651D462FAE00852E3A /* Debug */ = {
			isa = XCBuildConfiguration;
			buildSettings = {
				ALWAYS_SEARCH_USER_PATHS = NO;
				CLANG_ANALYZER_NONNULL = YES;
				CLANG_CXX_LANGUAGE_STANDARD = "gnu++0x";
				CLANG_CXX_LIBRARY = "libc++";
				CLANG_ENABLE_MODULES = YES;
				CLANG_ENABLE_OBJC_ARC = YES;
				CLANG_WARN_BOOL_CONVERSION = YES;
				CLANG_WARN_CONSTANT_CONVERSION = YES;
				CLANG_WARN_DIRECT_OBJC_ISA_USAGE = YES_ERROR;
				CLANG_WARN_EMPTY_BODY = YES;
				CLANG_WARN_ENUM_CONVERSION = YES;
				CLANG_WARN_INT_CONVERSION = YES;
				CLANG_WARN_OBJC_ROOT_CLASS = YES_ERROR;
				CLANG_WARN_UNREACHABLE_CODE = YES;
				CLANG_WARN__DUPLICATE_METHOD_MATCH = YES;
				"CODE_SIGN_IDENTITY[sdk=iphoneos*]" = "iPhone Developer";
				COPY_PHASE_STRIP = NO;
				DEBUG_INFORMATION_FORMAT = dwarf;
				ENABLE_STRICT_OBJC_MSGSEND = YES;
				ENABLE_TESTABILITY = YES;
				GCC_C_LANGUAGE_STANDARD = gnu99;
				GCC_DYNAMIC_NO_PIC = NO;
				GCC_NO_COMMON_BLOCKS = YES;
				GCC_OPTIMIZATION_LEVEL = 0;
				GCC_PREPROCESSOR_DEFINITIONS = (
					"DEBUG=1",
					"$(inherited)",
				);
				GCC_WARN_64_TO_32_BIT_CONVERSION = YES;
				GCC_WARN_ABOUT_RETURN_TYPE = YES_ERROR;
				GCC_WARN_UNDECLARED_SELECTOR = YES;
				GCC_WARN_UNINITIALIZED_AUTOS = YES_AGGRESSIVE;
				GCC_WARN_UNUSED_FUNCTION = YES;
				GCC_WARN_UNUSED_VARIABLE = YES;
				IPHONEOS_DEPLOYMENT_TARGET = 9.3;
				MTL_ENABLE_DEBUG_INFO = YES;
				ONLY_ACTIVE_ARCH = YES;
				SDKROOT = iphoneos;
				TARGETED_DEVICE_FAMILY = "1,2";
			};
			name = Debug;
		};
		B56F2B661D462FAE00852E3A /* Release */ = {
			isa = XCBuildConfiguration;
			buildSettings = {
				ALWAYS_SEARCH_USER_PATHS = NO;
				CLANG_ANALYZER_NONNULL = YES;
				CLANG_CXX_LANGUAGE_STANDARD = "gnu++0x";
				CLANG_CXX_LIBRARY = "libc++";
				CLANG_ENABLE_MODULES = YES;
				CLANG_ENABLE_OBJC_ARC = YES;
				CLANG_WARN_BOOL_CONVERSION = YES;
				CLANG_WARN_CONSTANT_CONVERSION = YES;
				CLANG_WARN_DIRECT_OBJC_ISA_USAGE = YES_ERROR;
				CLANG_WARN_EMPTY_BODY = YES;
				CLANG_WARN_ENUM_CONVERSION = YES;
				CLANG_WARN_INT_CONVERSION = YES;
				CLANG_WARN_OBJC_ROOT_CLASS = YES_ERROR;
				CLANG_WARN_UNREACHABLE_CODE = YES;
				CLANG_WARN__DUPLICATE_METHOD_MATCH = YES;
				"CODE_SIGN_IDENTITY[sdk=iphoneos*]" = "iPhone Developer";
				COPY_PHASE_STRIP = NO;
				DEBUG_INFORMATION_FORMAT = "dwarf-with-dsym";
				ENABLE_NS_ASSERTIONS = NO;
				ENABLE_STRICT_OBJC_MSGSEND = YES;
				GCC_C_LANGUAGE_STANDARD = gnu99;
				GCC_NO_COMMON_BLOCKS = YES;
				GCC_WARN_64_TO_32_BIT_CONVERSION = YES;
				GCC_WARN_ABOUT_RETURN_TYPE = YES_ERROR;
				GCC_WARN_UNDECLARED_SELECTOR = YES;
				GCC_WARN_UNINITIALIZED_AUTOS = YES_AGGRESSIVE;
				GCC_WARN_UNUSED_FUNCTION = YES;
				GCC_WARN_UNUSED_VARIABLE = YES;
				IPHONEOS_DEPLOYMENT_TARGET = 9.3;
				MTL_ENABLE_DEBUG_INFO = NO;
				SDKROOT = iphoneos;
				TARGETED_DEVICE_FAMILY = "1,2";
				VALIDATE_PRODUCT = YES;
			};
			name = Release;
		};
		B56F2B681D462FAE00852E3A /* Debug */ = {
			isa = XCBuildConfiguration;
			buildSettings = {
				ASSETCATALOG_COMPILER_APPICON_NAME = AppIcon;
				INFOPLIST_FILE = MyFirst/Info.plist;
				LD_RUNPATH_SEARCH_PATHS = "$(inherited) @executable_path/Frameworks";
				PRODUCT_BUNDLE_IDENTIFIER = com.wuweilong.cn.MyFirst;
				PRODUCT_NAME = "$(TARGET_NAME)";
			};
			name = Debug;
		};
		B56F2B691D462FAE00852E3A /* Release */ = {
			isa = XCBuildConfiguration;
			buildSettings = {
				ASSETCATALOG_COMPILER_APPICON_NAME = AppIcon;
				INFOPLIST_FILE = MyFirst/Info.plist;
				LD_RUNPATH_SEARCH_PATHS = "$(inherited) @executable_path/Frameworks";
				PRODUCT_BUNDLE_IDENTIFIER = com.wuweilong.cn.MyFirst;
				PRODUCT_NAME = "$(TARGET_NAME)";
			};
			name = Release;
		};
		B56F2B6B1D462FAE00852E3A /* Debug */ = {
			isa = XCBuildConfiguration;
			buildSettings = {
				BUNDLE_LOADER = "$(TEST_HOST)";
				INFOPLIST_FILE = MyFirstTests/Info.plist;
				LD_RUNPATH_SEARCH_PATHS = "$(inherited) @executable_path/Frameworks @loader_path/Frameworks";
				PRODUCT_BUNDLE_IDENTIFIER = com.wuweilong.cn.MyFirstTests;
				PRODUCT_NAME = "$(TARGET_NAME)";
				TEST_HOST = "$(BUILT_PRODUCTS_DIR)/MyFirst.app/MyFirst";
			};
			name = Debug;
		};
		B56F2B6C1D462FAE00852E3A /* Release */ = {
			isa = XCBuildConfiguration;
			buildSettings = {
				BUNDLE_LOADER = "$(TEST_HOST)";
				INFOPLIST_FILE = MyFirstTests/Info.plist;
				LD_RUNPATH_SEARCH_PATHS = "$(inherited) @executable_path/Frameworks @loader_path/Frameworks";
				PRODUCT_BUNDLE_IDENTIFIER = com.wuweilong.cn.MyFirstTests;
				PRODUCT_NAME = "$(TARGET_NAME)";
				TEST_HOST = "$(BUILT_PRODUCTS_DIR)/MyFirst.app/MyFirst";
			};
			name = Release;
		};
		B56F2B6E1D462FAE00852E3A /* Debug */ = {
			isa = XCBuildConfiguration;
			buildSettings = {
				INFOPLIST_FILE = MyFirstUITests/Info.plist;
				LD_RUNPATH_SEARCH_PATHS = "$(inherited) @executable_path/Frameworks @loader_path/Frameworks";
				PRODUCT_BUNDLE_IDENTIFIER = com.wuweilong.cn.MyFirstUITests;
				PRODUCT_NAME = "$(TARGET_NAME)";
				TEST_TARGET_NAME = MyFirst;
			};
			name = Debug;
		};
		B56F2B6F1D462FAE00852E3A /* Release */ = {
			isa = XCBuildConfiguration;
			buildSettings = {
				INFOPLIST_FILE = MyFirstUITests/Info.plist;
				LD_RUNPATH_SEARCH_PATHS = "$(inherited) @executable_path/Frameworks @loader_path/Frameworks";
				PRODUCT_BUNDLE_IDENTIFIER = com.wuweilong.cn.MyFirstUITests;
				PRODUCT_NAME = "$(TARGET_NAME)";
				TEST_TARGET_NAME = MyFirst;
			};
			name = Release;
		};
/* End XCBuildConfiguration section */

/* Begin XCConfigurationList section */
		B56F2B351D462FAD00852E3A /* Build configuration list for PBXProject "MyFirst" */ = {
			isa = XCConfigurationList;
			buildConfigurations = (
				B56F2B651D462FAE00852E3A /* Debug */,
				B56F2B661D462FAE00852E3A /* Release */,
			);
			defaultConfigurationIsVisible = 0;
			defaultConfigurationName = Release;
		};
		B56F2B671D462FAE00852E3A /* Build configuration list for PBXNativeTarget "MyFirst" */ = {
			isa = XCConfigurationList;
			buildConfigurations = (
				B56F2B681D462FAE00852E3A /* Debug */,
				B56F2B691D462FAE00852E3A /* Release */,
			);
			defaultConfigurationIsVisible = 0;
		};
		B56F2B6A1D462FAE00852E3A /* Build configuration list for PBXNativeTarget "MyFirstTests" */ = {
			isa = XCConfigurationList;
			buildConfigurations = (
				B56F2B6B1D462FAE00852E3A /* Debug */,
				B56F2B6C1D462FAE00852E3A /* Release */,
			);
			defaultConfigurationIsVisible = 0;
		};
		B56F2B6D1D462FAE00852E3A /* Build configuration list for PBXNativeTarget "MyFirstUITests" */ = {
			isa = XCConfigurationList;
			buildConfigurations = (
				B56F2B6E1D462FAE00852E3A /* Debug */,
				B56F2B6F1D462FAE00852E3A /* Release */,
			);
			defaultConfigurationIsVisible = 0;
		};
/* End XCConfigurationList section */
	};
	rootObject = B56F2B321D462FAD00852E3A /* Project object */;
}
